{
  "requires": true,
  "lockfileVersion": 1,
  "dependencies": {
    "@babel/standalone": {
      "version": "7.9.6",
      "resolved": "https://registry.npmjs.org/@babel/standalone/-/standalone-7.9.6.tgz",
      "integrity": "sha512-UE0vm/4vuwzGgGNY9wR78ft3DUcHvAU0o/esXas2qjUL8yHMAEc04OmLkb3dfkUwlqbQ4+vC1OLBzwhcoIqLsA=="
    }
  }
}
